{
  "pins" : [
    {
      "identity" : "twilio-voice-ios",
      "kind" : "remoteSourceControl",
      "location" : "https://github.com/twilio/twilio-voice-ios",
      "state" : {
        "revision" : "62912513388001394d093b85a6269bf3206cac13",
        "version" : "6.13.6"
      }
    }
  ],
  "version" : 3
}
